
Microsoft Visual Studio Solution File, Format Version 12.00
# Visual Studio Version 17
VisualStudioVersion = 17.4.33213.308
MinimumVisualStudioVersion = 10.0.40219.1
Project("{FAE04EC0-301F-11D3-BF4B-00C04F79EFBC}") = "teams-custom-api", "teams-custom-api\teams-custom-api.csproj", "{59854611-A938-45C2-B4EE-A1495B9B0ACB}"
EndProject
Global
	GlobalSection(SolutionConfigurationPlatforms) = preSolution
		Debug|Any CPU = Debug|Any CPU
		Release|Any CPU = Release|Any CPU
	EndGlobalSection
	GlobalSection(ProjectConfigurationPlatforms) = postSolution
		{59854611-A938-45C2-B4EE-A1495B9B0ACB}.Debug|Any CPU.ActiveCfg = Debug|Any CPU
		{59854611-A938-45C2-B4EE-A1495B9B0ACB}.Debug|Any CPU.Build.0 = Debug|Any CPU
		{59854611-A938-45C2-B4EE-A1495B9B0ACB}.Release|Any CPU.ActiveCfg = Release|Any CPU
		{59854611-A938-45C2-B4EE-A1495B9B0ACB}.Release|Any CPU.Build.0 = Release|Any CPU
	EndGlobalSection
	GlobalSection(SolutionProperties) = preSolution
		HideSolutionNode = FALSE
	EndGlobalSection
	GlobalSection(ExtensibilityGlobals) = postSolution
		SolutionGuid = {A1CA59F9-746D-47B2-816E-8D083BD03CD8}
	EndGlobalSection
EndGlobal
